
Microsoft Visual Studio Solution File, Format Version 12.00
# Visual Studio 15
VisualStudioVersion = 15.0.26430.6
MinimumVisualStudioVersion = 10.0.40219.1
Project("{FAE04EC0-301F-11D3-BF4B-00C04F79EFBC}") = "WebApplication1", "WebApplication1\WebApplication1.csproj", "{3EDB2D79-2F6A-4B03-B49F-594C64B03165}"
EndProject
Project("{E53339B2-1760-4266-BCC7-CA923CBCF16C}") = "docker-compose", "docker-compose.dcproj", "{9656E9A9-4E8A-410A-A6D3-C73B99A22204}"
EndProject
Global
	GlobalSection(SolutionConfigurationPlatforms) = preSolution
		Debug|Any CPU = Debug|Any CPU
		Release|Any CPU = Release|Any CPU
	EndGlobalSection
	GlobalSection(ProjectConfigurationPlatforms) = postSolution
		{3EDB2D79-2F6A-4B03-B49F-594C64B03165}.Debug|Any CPU.ActiveCfg = Debug|Any CPU
		{3EDB2D79-2F6A-4B03-B49F-594C64B03165}.Debug|Any CPU.Build.0 = Debug|Any CPU
		{3EDB2D79-2F6A-4B03-B49F-594C64B03165}.Release|Any CPU.ActiveCfg = Release|Any CPU
		{3EDB2D79-2F6A-4B03-B49F-594C64B03165}.Release|Any CPU.Build.0 = Release|Any CPU
		{9656E9A9-4E8A-410A-A6D3-C73B99A22204}.Debug|Any CPU.ActiveCfg = Debug|Any CPU
		{9656E9A9-4E8A-410A-A6D3-C73B99A22204}.Debug|Any CPU.Build.0 = Debug|Any CPU
		{9656E9A9-4E8A-410A-A6D3-C73B99A22204}.Release|Any CPU.ActiveCfg = Release|Any CPU
		{9656E9A9-4E8A-410A-A6D3-C73B99A22204}.Release|Any CPU.Build.0 = Release|Any CPU
	EndGlobalSection
	GlobalSection(SolutionProperties) = preSolution
		HideSolutionNode = FALSE
	EndGlobalSection
EndGlobal
